
Microsoft Visual Studio Solution File, Format Version 12.00
# Visual Studio Version 16
VisualStudioVersion = 16.0.31624.102
MinimumVisualStudioVersion = 10.0.40219.1
Project("{FAE04EC0-301F-11D3-BF4B-00C04F79EFBC}") = "APIConsume", "APIConsume\APIConsume.csproj", "{596EB0CA-D5FE-4FD4-A183-16A564BAA659}"
EndProject
Global
	GlobalSection(SolutionConfigurationPlatforms) = preSolution
		Debug|Any CPU = Debug|Any CPU
		Release|Any CPU = Release|Any CPU
	EndGlobalSection
	GlobalSection(ProjectConfigurationPlatforms) = postSolution
		{596EB0CA-D5FE-4FD4-A183-16A564BAA659}.Debug|Any CPU.ActiveCfg = Debug|Any CPU
		{596EB0CA-D5FE-4FD4-A183-16A564BAA659}.Debug|Any CPU.Build.0 = Debug|Any CPU
		{596EB0CA-D5FE-4FD4-A183-16A564BAA659}.Release|Any CPU.ActiveCfg = Release|Any CPU
		{596EB0CA-D5FE-4FD4-A183-16A564BAA659}.Release|Any CPU.Build.0 = Release|Any CPU
	EndGlobalSection
	GlobalSection(SolutionProperties) = preSolution
		HideSolutionNode = FALSE
	EndGlobalSection
	GlobalSection(ExtensibilityGlobals) = postSolution
		SolutionGuid = {6C274808-124F-46B9-B063-E25B69CAD910}
	EndGlobalSection
EndGlobal
